// !$*UTF8*$!
{
	archiveVersion = 1;
	classes = {
	};
	objectVersion = 77;
	objects = {

/* Begin PBXBuildFile section */
		120DF09F2EA583CB007809C2 /* FirebaseAI in Frameworks */ = {isa = PBXBuildFile; productRef = 120DF09E2EA583CB007809C2 /* FirebaseAI */; };
		120DF0A12EA583CB007809C2 /* FirebaseAnalytics in Frameworks */ = {isa = PBXBuildFile; productRef = 120DF0A02EA583CB007809C2 /* FirebaseAnalytics */; };
		120DF0A32EA583CB007809C2 /* FirebaseAnalyticsCore in Frameworks */ = {isa = PBXBuildFile; productRef = 120DF0A22EA583CB007809C2 /* FirebaseAnalyticsCore */; };
		120DF0A52EA583CB007809C2 /* FirebaseAnalyticsIdentitySupport in Frameworks */ = {isa = PBXBuildFile; productRef = 120DF0A42EA583CB007809C2 /* FirebaseAnalyticsIdentitySupport */; };
		120DF0A72EA583CB007809C2 /* FirebaseAppCheck in Frameworks */ = {isa = PBXBuildFile; productRef = 120DF0A62EA583CB007809C2 /* FirebaseAppCheck */; };
		120DF0A92EA583CB007809C2 /* FirebaseAuth in Frameworks */ = {isa = PBXBuildFile; productRef = 120DF0A82EA583CB007809C2 /* FirebaseAuth */; };
		120DF0AB2EA583CB007809C2 /* FirebaseCore in Frameworks */ = {isa = PBXBuildFile; productRef = 120DF0AA2EA583CB007809C2 /* FirebaseCore */; };
		120DF0AD2EA583CB007809C2 /* FirebaseFirestore in Frameworks */ = {isa = PBXBuildFile; productRef = 120DF0AC2EA583CB007809C2 /* FirebaseFirestore */; };
/* End PBXBuildFile section */

/* Begin PBXFileReference section */
		DC59AC9F2E9F1EE6002AC5C4 /* 8803NourishFit.app */ = {isa = PBXFileReference; explicitFileType = wrapper.application; includeInIndex = 0; path = 8803NourishFit.app; sourceTree = BUILT_PRODUCTS_DIR; };
/* End PBXFileReference section */

/* Begin PBXFileSystemSynchronizedBuildFileExceptionSet section */
		1289DC3D2EDDA46E00D89A12 /* Exceptions for "8803NourishFit" folder in "8803NourishFit" target */ = {
			isa = PBXFileSystemSynchronizedBuildFileExceptionSet;
			membershipExceptions = (
				"-803NourishFit-Info.plist",
			);
			target = DC59AC9E2E9F1EE6002AC5C4 /* 8803NourishFit */;
		};
/* End PBXFileSystemSynchronizedBuildFileExceptionSet section */

/* Begin PBXFileSystemSynchronizedRootGroup section */
		DC59ACA12E9F1EE6002AC5C4 /* 8803NourishFit */ = {
			isa = PBXFileSystemSynchronizedRootGroup;
			exceptions = (
				1289DC3D2EDDA46E00D89A12 /* Exceptions for "8803NourishFit" folder in "8803NourishFit" target */,
			);
			path = 8803NourishFit;
			sourceTree = "<group>";
		};
/* End PBXFileSystemSynchronizedRootGroup section */

/* Begin PBXFrameworksBuildPhase section */
		DC59AC9C2E9F1EE6002AC5C4 /* Frameworks */ = {
			isa = PBXFrameworksBuildPhase;
			buildActionMask = 2147483647;
			files = (
				120DF0A52EA583CB007809C2 /* FirebaseAnalyticsIdentitySupport in Frameworks */,
				120DF0A92EA583CB007809C2 /* FirebaseAuth in Frameworks */,
				120DF0A12EA583CB007809C2 /* FirebaseAnalytics in Frameworks */,
				120DF0A32EA583CB007809C2 /* FirebaseAnalyticsCore in Frameworks */,
				120DF0AB2EA583CB007809C2 /* FirebaseCore in Frameworks */,
				120DF0AD2EA583CB007809C2 /* FirebaseFirestore in Frameworks */,
				120DF0A72EA583CB007809C2 /* FirebaseAppCheck in Frameworks */,
				120DF09F2EA583CB007809C2 /* FirebaseAI in Frameworks */,
			);
			runOnlyForDeploymentPostprocessing = 0;
		};
/* End PBXFrameworksBuildPhase section */

/* Begin PBXGroup section */
		120DF09D2EA58357007809C2 /* Frameworks */ = {
			isa = PBXGroup;
			children = (
			);
			name = Frameworks;
			sourceTree = "<group>";
		};
		DC59AC962E9F1EE6002AC5C4 = {
			isa = PBXGroup;
			children = (
				DC59ACA12E9F1EE6002AC5C4 /* 8803NourishFit */,
				120DF09D2EA58357007809C2 /* Frameworks */,
				DC59ACA02E9F1EE6002AC5C4 /* Products */,
			);
			sourceTree = "<group>";
		};
		DC59ACA02E9F1EE6002AC5C4 /* Products */ = {
			isa = PBXGroup;
			children = (
				DC59AC9F2E9F1EE6002AC5C4 /* 8803NourishFit.app */,
			);
			name = Products;
			sourceTree = "<group>";
		};
/* End PBXGroup section */

/* Begin PBXNativeTarget section */
		DC59AC9E2E9F1EE6002AC5C4 /* 8803NourishFit */ = {
			isa = PBXNativeTarget;
			buildConfigurationList = DC59ACAA2E9F1EE8002AC5C4 /* Build configuration list for PBXNativeTarget "8803NourishFit" */;
			buildPhases = (
				DC59AC9B2E9F1EE6002AC5C4 /* Sources */,
				DC59AC9C2E9F1EE6002AC5C4 /* Frameworks */,
				DC59AC9D2E9F1EE6002AC5C4 /* Resources */,
			);
			buildRules = (
			);
			dependencies = (
			);
			fileSystemSynchronizedGroups = (
				DC59ACA12E9F1EE6002AC5C4 /* 8803NourishFit */,
			);
			name = 8803NourishFit;
			packageProductDependencies = (
				120DF09E2EA583CB007809C2 /* FirebaseAI */,
				120DF0A02EA583CB007809C2 /* FirebaseAnalytics */,
				120DF0A22EA583CB007809C2 /* FirebaseAnalyticsCore */,
				120DF0A42EA583CB007809C2 /* FirebaseAnalyticsIdentitySupport */,
				120DF0A62EA583CB007809C2 /* FirebaseAppCheck */,
				120DF0A82EA583CB007809C2 /* FirebaseAuth */,
				120DF0AA2EA583CB007809C2 /* FirebaseCore */,
				120DF0AC2EA583CB007809C2 /* FirebaseFirestore */,
			);
			productName = 8803NourishFit;
			productReference = DC59AC9F2E9F1EE6002AC5C4 /* 8803NourishFit.app */;
			productType = "com.apple.product-type.application";
		};
/* End PBXNativeTarget section */

/* Begin PBXProject section */
		DC59AC972E9F1EE6002AC5C4 /* Project object */ = {
			isa = PBXProject;
			attributes = {
				BuildIndependentTargetsInParallel = 1;
				LastSwiftUpdateCheck = 2600;
				LastUpgradeCheck = 2600;
				TargetAttributes = {
					DC59AC9E2E9F1EE6002AC5C4 = {
						CreatedOnToolsVersion = 26.0.1;
					};
				};
			};
			buildConfigurationList = DC59AC9A2E9F1EE6002AC5C4 /* Build configuration list for PBXProject "8803NourishFit" */;
			developmentRegion = en;
			hasScannedForEncodings = 0;
			knownRegions = (
				en,
				Base,
			);
			mainGroup = DC59AC962E9F1EE6002AC5C4;
			minimizedProjectReferenceProxies = 1;
			packageReferences = (
				120DF09C2EA581D9007809C2 /* XCRemoteSwiftPackageReference "firebase-ios-sdk" */,
			);
			preferredProjectObjectVersion = 77;
			productRefGroup = DC59ACA02E9F1EE6002AC5C4 /* Products */;
			projectDirPath = "";
			projectRoot = "";
			targets = (
				DC59AC9E2E9F1EE6002AC5C4 /* 8803NourishFit */,
			);
		};
/* End PBXProject section */

/* Begin PBXResourcesBuildPhase section */
		DC59AC9D2E9F1EE6002AC5C4 /* Resources */ = {
			isa = PBXResourcesBuildPhase;
			buildActionMask = 2147483647;
			files = (
			);
			runOnlyForDeploymentPostprocessing = 0;
		};
/* End PBXResourcesBuildPhase section */

/* Begin PBXSourcesBuildPhase section */
		DC59AC9B2E9F1EE6002AC5C4 /* Sources */ = {
			isa = PBXSourcesBuildPhase;
			buildActionMask = 2147483647;
			files = (
			);
			runOnlyForDeploymentPostprocessing = 0;
		};
/* End PBXSourcesBuildPhase section */

/* Begin XCBuildConfiguration section */
		DC59ACA82E9F1EE8002AC5C4 /* Debug */ = {
			isa = XCBuildConfiguration;
			buildSettings = {
				ALWAYS_SEARCH_USER_PATHS = NO;
				ASSETCATALOG_COMPILER_GENERATE_SWIFT_ASSET_SYMBOL_EXTENSIONS = YES;
				CLANG_ANALYZER_NONNULL = YES;
				CLANG_ANALYZER_NUMBER_OBJECT_CONVERSION = YES_AGGRESSIVE;
				CLANG_CXX_LANGUAGE_STANDARD = "gnu++20";
				CLANG_ENABLE_MODULES = YES;
				CLANG_ENABLE_OBJC_ARC = YES;
				CLANG_ENABLE_OBJC_WEAK = YES;
				CLANG_WARN_BLOCK_CAPTURE_AUTORELEASING = YES;
				CLANG_WARN_BOOL_CONVERSION = YES;
				CLANG_WARN_COMMA = YES;
				CLANG_WARN_CONSTANT_CONVERSION = YES;
				CLANG_WARN_DEPRECATED_OBJC_IMPLEMENTATIONS = YES;
				CLANG_WARN_DIRECT_OBJC_ISA_USAGE = YES_ERROR;
				CLANG_WARN_DOCUMENTATION_COMMENTS = YES;
				CLANG_WARN_EMPTY_BODY = YES;
				CLANG_WARN_ENUM_CONVERSION = YES;
				CLANG_WARN_INFINITE_RECURSION = YES;
				CLANG_WARN_INT_CONVERSION = YES;
				CLANG_WARN_NON_LITERAL_NULL_CONVERSION = YES;
				CLANG_WARN_OBJC_IMPLICIT_RETAIN_SELF = YES;
				CLANG_WARN_OBJC_LITERAL_CONVERSION = YES;
				CLANG_WARN_OBJC_ROOT_CLASS = YES_ERROR;
				CLANG_WARN_QUOTED_INCLUDE_IN_FRAMEWORK_HEADER = YES;
				CLANG_WARN_RANGE_LOOP_ANALYSIS = YES;
				CLANG_WARN_STRICT_PROTOTYPES = YES;
				CLANG_WARN_SUSPICIOUS_MOVE = YES;
				CLANG_WARN_UNGUARDED_AVAILABILITY = YES_AGGRESSIVE;
				CLANG_WARN_UNREACHABLE_CODE = YES;
				CLANG_WARN__DUPLICATE_METHOD_MATCH = YES;
				COPY_PHASE_STRIP = NO;
				DEBUG_INFORMATION_FORMAT = dwarf;
				DEVELOPMENT_TEAM = 4FV7XV8358;
				ENABLE_STRICT_OBJC_MSGSEND = YES;
				ENABLE_TESTABILITY = YES;
				ENABLE_USER_SCRIPT_SANDBOXING = YES;
				GCC_C_LANGUAGE_STANDARD = gnu17;
				GCC_DYNAMIC_NO_PIC = NO;
				GCC_NO_COMMON_BLOCKS = YES;
				GCC_OPTIMIZATION_LEVEL = 0;
				GCC_PREPROCESSOR_DEFINITIONS = (
					"DEBUG=1",
					"$(inherited)",
				);
				GCC_WARN_64_TO_32_BIT_CONVERSION = YES;
				GCC_WARN_ABOUT_RETURN_TYPE = YES_ERROR;
				GCC_WARN_UNDECLARED_SELECTOR = YES;
				GCC_WARN_UNINITIALIZED_AUTOS = YES_AGGRESSIVE;
				GCC_WARN_UNUSED_FUNCTION = YES;
				GCC_WARN_UNUSED_VARIABLE = YES;
				IPHONEOS_DEPLOYMENT_TARGET = 26.0;
				LOCALIZATION_PREFERS_STRING_CATALOGS = YES;
				MTL_ENABLE_DEBUG_INFO = INCLUDE_SOURCE;
				MTL_FAST_MATH = YES;
				ONLY_ACTIVE_ARCH = YES;
				SDKROOT = iphoneos;
				SWIFT_ACTIVE_COMPILATION_CONDITIONS = "DEBUG $(inherited)";
				SWIFT_OPTIMIZATION_LEVEL = "-Onone";
			};
			name = Debug;
		};
		DC59ACA92E9F1EE8002AC5C4 /* Release */ = {
			isa = XCBuildConfiguration;
			buildSettings = {
				ALWAYS_SEARCH_USER_PATHS = NO;
				ASSETCATALOG_COMPILER_GENERATE_SWIFT_ASSET_SYMBOL_EXTENSIONS = YES;
				CLANG_ANALYZER_NONNULL = YES;
				CLANG_ANALYZER_NUMBER_OBJECT_CONVERSION = YES_AGGRESSIVE;
				CLANG_CXX_LANGUAGE_STANDARD = "gnu++20";
				CLANG_ENABLE_MODULES = YES;
				CLANG_ENABLE_OBJC_ARC = YES;
				CLANG_ENABLE_OBJC_WEAK = YES;
				CLANG_WARN_BLOCK_CAPTURE_AUTORELEASING = YES;
				CLANG_WARN_BOOL_CONVERSION = YES;
				CLANG_WARN_COMMA = YES;
				CLANG_WARN_CONSTANT_CONVERSION = YES;
				CLANG_WARN_DEPRECATED_OBJC_IMPLEMENTATIONS = YES;
				CLANG_WARN_DIRECT_OBJC_ISA_USAGE = YES_ERROR;
				CLANG_WARN_DOCUMENTATION_COMMENTS = YES;
				CLANG_WARN_EMPTY_BODY = YES;
				CLANG_WARN_ENUM_CONVERSION = YES;
				CLANG_WARN_INFINITE_RECURSION = YES;
				CLANG_WARN_INT_CONVERSION = YES;
				CLANG_WARN_NON_LITERAL_NULL_CONVERSION = YES;
				CLANG_WARN_OBJC_IMPLICIT_RETAIN_SELF = YES;
				CLANG_WARN_OBJC_LITERAL_CONVERSION = YES;
				CLANG_WARN_OBJC_ROOT_CLASS = YES_ERROR;
				CLANG_WARN_QUOTED_INCLUDE_IN_FRAMEWORK_HEADER = YES;
				CLANG_WARN_RANGE_LOOP_ANALYSIS = YES;
				CLANG_WARN_STRICT_PROTOTYPES = YES;
				CLANG_WARN_SUSPICIOUS_MOVE = YES;
				CLANG_WARN_UNGUARDED_AVAILABILITY = YES_AGGRESSIVE;
				CLANG_WARN_UNREACHABLE_CODE = YES;
				CLANG_WARN__DUPLICATE_METHOD_MATCH = YES;
				COPY_PHASE_STRIP = NO;
				DEBUG_INFORMATION_FORMAT = "dwarf-with-dsym";
				DEVELOPMENT_TEAM = 4FV7XV8358;
				ENABLE_NS_ASSERTIONS = NO;
				ENABLE_STRICT_OBJC_MSGSEND = YES;
				ENABLE_USER_SCRIPT_SANDBOXING = YES;
				GCC_C_LANGUAGE_STANDARD = gnu17;
				GCC_NO_COMMON_BLOCKS = YES;
				GCC_WARN_64_TO_32_BIT_CONVERSION = YES;
				GCC_WARN_ABOUT_RETURN_TYPE = YES_ERROR;
				GCC_WARN_UNDECLARED_SELECTOR = YES;
				GCC_WARN_UNINITIALIZED_AUTOS = YES_AGGRESSIVE;
				GCC_WARN_UNUSED_FUNCTION = YES;
				GCC_WARN_UNUSED_VARIABLE = YES;
				IPHONEOS_DEPLOYMENT_TARGET = 26.0;
				LOCALIZATION_PREFERS_STRING_CATALOGS = YES;
				MTL_ENABLE_DEBUG_INFO = NO;
				MTL_FAST_MATH = YES;
				SDKROOT = iphoneos;
				SWIFT_COMPILATION_MODE = wholemodule;
				VALIDATE_PRODUCT = YES;
			};
			name = Release;
		};
		DC59ACAB2E9F1EE8002AC5C4 /* Debug */ = {
			isa = XCBuildConfiguration;
			buildSettings = {
				ASSETCATALOG_COMPILER_APPICON_NAME = AppIcon;
				ASSETCATALOG_COMPILER_GLOBAL_ACCENT_COLOR_NAME = AccentColor;
				CODE_SIGN_ENTITLEMENTS = 8803NourishFit/8803NourishFit.entitlements;
				CODE_SIGN_STYLE = Automatic;
				CURRENT_PROJECT_VERSION = 1;
				DEVELOPMENT_TEAM = 2Y82AH53T5;
				ENABLE_PREVIEWS = YES;
				GENERATE_INFOPLIST_FILE = YES;
				INFOPLIST_FILE = "-803NourishFit-Info.plist";
				INFOPLIST_KEY_NSHealthShareUsageDescription = "We need access to your active energy burned data to track your daily calorie consumption.";
				INFOPLIST_KEY_NSHealthUpdateUsageDescription = "We verify your workout data to provide accurate coaching.";
				INFOPLIST_KEY_UIApplicationSceneManifest_Generation = YES;
				INFOPLIST_KEY_UIApplicationSupportsIndirectInputEvents = YES;
				INFOPLIST_KEY_UILaunchScreen_Generation = YES;
				INFOPLIST_KEY_UISupportedInterfaceOrientations_iPad = "UIInterfaceOrientationPortrait UIInterfaceOrientationPortraitUpsideDown UIInterfaceOrientationLandscapeLeft UIInterfaceOrientationLandscapeRight";
				INFOPLIST_KEY_UISupportedInterfaceOrientations_iPhone = "UIInterfaceOrientationPortrait UIInterfaceOrientationLandscapeLeft UIInterfaceOrientationLandscapeRight";
				LD_RUNPATH_SEARCH_PATHS = (
					"$(inherited)",
					"@executable_path/Frameworks",
				);
				MARKETING_VERSION = 1.0;
				PRODUCT_BUNDLE_IDENTIFIER = com.nourishfit.app;
				PRODUCT_NAME = "$(TARGET_NAME)";
				STRING_CATALOG_GENERATE_SYMBOLS = YES;
				SWIFT_APPROACHABLE_CONCURRENCY = YES;
				SWIFT_DEFAULT_ACTOR_ISOLATION = MainActor;
				SWIFT_EMIT_LOC_STRINGS = YES;
				SWIFT_UPCOMING_FEATURE_MEMBER_IMPORT_VISIBILITY = YES;
				SWIFT_VERSION = 5.0;
				TARGETED_DEVICE_FAMILY = "1,2";
			};
			name = Debug;
		};
		DC59ACAC2E9F1EE8002AC5C4 /* Release */ = {
			isa = XCBuildConfiguration;
			buildSettings = {
				ASSETCATALOG_COMPILER_APPICON_NAME = AppIcon;
				ASSETCATALOG_COMPILER_GLOBAL_ACCENT_COLOR_NAME = AccentColor;
				CODE_SIGN_ENTITLEMENTS = 8803NourishFit/8803NourishFit.entitlements;
				CODE_SIGN_STYLE = Automatic;
				CURRENT_PROJECT_VERSION = 1;
				DEVELOPMENT_TEAM = 2Y82AH53T5;
				ENABLE_PREVIEWS = YES;
				GENERATE_INFOPLIST_FILE = YES;
				INFOPLIST_FILE = "-803NourishFit-Info.plist";
				INFOPLIST_KEY_NSHealthShareUsageDescription = "We need access to your active energy burned data to track your daily calorie consumption.";
				INFOPLIST_KEY_NSHealthUpdateUsageDescription = "We verify your workout data to provide accurate coaching.";
				INFOPLIST_KEY_UIApplicationSceneManifest_Generation = YES;
				INFOPLIST_KEY_UIApplicationSupportsIndirectInputEvents = YES;
				INFOPLIST_KEY_UILaunchScreen_Generation = YES;
				INFOPLIST_KEY_UISupportedInterfaceOrientations_iPad = "UIInterfaceOrientationPortrait UIInterfaceOrientationPortraitUpsideDown UIInterfaceOrientationLandscapeLeft UIInterfaceOrientationLandscapeRight";
				INFOPLIST_KEY_UISupportedInterfaceOrientations_iPhone = "UIInterfaceOrientationPortrait UIInterfaceOrientationLandscapeLeft UIInterfaceOrientationLandscapeRight";
				LD_RUNPATH_SEARCH_PATHS = (
					"$(inherited)",
					"@executable_path/Frameworks",
				);
				MARKETING_VERSION = 1.0;
				PRODUCT_BUNDLE_IDENTIFIER = com.nourishfit.app;
				PRODUCT_NAME = "$(TARGET_NAME)";
				STRING_CATALOG_GENERATE_SYMBOLS = YES;
				SWIFT_APPROACHABLE_CONCURRENCY = YES;
				SWIFT_DEFAULT_ACTOR_ISOLATION = MainActor;
				SWIFT_EMIT_LOC_STRINGS = YES;
				SWIFT_UPCOMING_FEATURE_MEMBER_IMPORT_VISIBILITY = YES;
				SWIFT_VERSION = 5.0;
				TARGETED_DEVICE_FAMILY = "1,2";
			};
			name = Release;
		};
/* End XCBuildConfiguration section */

/* Begin XCConfigurationList section */
		DC59AC9A2E9F1EE6002AC5C4 /* Build configuration list for PBXProject "8803NourishFit" */ = {
			isa = XCConfigurationList;
			buildConfigurations = (
				DC59ACA82E9F1EE8002AC5C4 /* Debug */,
				DC59ACA92E9F1EE8002AC5C4 /* Release */,
			);
			defaultConfigurationIsVisible = 0;
			defaultConfigurationName = Release;
		};
		DC59ACAA2E9F1EE8002AC5C4 /* Build configuration list for PBXNativeTarget "8803NourishFit" */ = {
			isa = XCConfigurationList;
			buildConfigurations = (
				DC59ACAB2E9F1EE8002AC5C4 /* Debug */,
				DC59ACAC2E9F1EE8002AC5C4 /* Release */,
			);
			defaultConfigurationIsVisible = 0;
			defaultConfigurationName = Release;
		};
/* End XCConfigurationList section */

/* Begin XCRemoteSwiftPackageReference section */
		120DF09C2EA581D9007809C2 /* XCRemoteSwiftPackageReference "firebase-ios-sdk" */ = {
			isa = XCRemoteSwiftPackageReference;
			repositoryURL = "https://github.com/firebase/firebase-ios-sdk";
			requirement = {
				kind = upToNextMajorVersion;
				minimumVersion = 12.4.0;
			};
		};
/* End XCRemoteSwiftPackageReference section */

/* Begin XCSwiftPackageProductDependency section */
		120DF09E2EA583CB007809C2 /* FirebaseAI */ = {
			isa = XCSwiftPackageProductDependency;
			package = 120DF09C2EA581D9007809C2 /* XCRemoteSwiftPackageReference "firebase-ios-sdk" */;
			productName = FirebaseAI;
		};
		120DF0A02EA583CB007809C2 /* FirebaseAnalytics */ = {
			isa = XCSwiftPackageProductDependency;
			package = 120DF09C2EA581D9007809C2 /* XCRemoteSwiftPackageReference "firebase-ios-sdk" */;
			productName = FirebaseAnalytics;
		};
		120DF0A22EA583CB007809C2 /* FirebaseAnalyticsCore */ = {
			isa = XCSwiftPackageProductDependency;
			package = 120DF09C2EA581D9007809C2 /* XCRemoteSwiftPackageReference "firebase-ios-sdk" */;
			productName = FirebaseAnalyticsCore;
		};
		120DF0A42EA583CB007809C2 /* FirebaseAnalyticsIdentitySupport */ = {
			isa = XCSwiftPackageProductDependency;
			package = 120DF09C2EA581D9007809C2 /* XCRemoteSwiftPackageReference "firebase-ios-sdk" */;
			productName = FirebaseAnalyticsIdentitySupport;
		};
		120DF0A62EA583CB007809C2 /* FirebaseAppCheck */ = {
			isa = XCSwiftPackageProductDependency;
			package = 120DF09C2EA581D9007809C2 /* XCRemoteSwiftPackageReference "firebase-ios-sdk" */;
			productName = FirebaseAppCheck;
		};
		120DF0A82EA583CB007809C2 /* FirebaseAuth */ = {
			isa = XCSwiftPackageProductDependency;
			package = 120DF09C2EA581D9007809C2 /* XCRemoteSwiftPackageReference "firebase-ios-sdk" */;
			productName = FirebaseAuth;
		};
		120DF0AA2EA583CB007809C2 /* FirebaseCore */ = {
			isa = XCSwiftPackageProductDependency;
			package = 120DF09C2EA581D9007809C2 /* XCRemoteSwiftPackageReference "firebase-ios-sdk" */;
			productName = FirebaseCore;
		};
		120DF0AC2EA583CB007809C2 /* FirebaseFirestore */ = {
			isa = XCSwiftPackageProductDependency;
			package = 120DF09C2EA581D9007809C2 /* XCRemoteSwiftPackageReference "firebase-ios-sdk" */;
			productName = FirebaseFirestore;
		};
/* End XCSwiftPackageProductDependency section */
	};
	rootObject = DC59AC972E9F1EE6002AC5C4 /* Project object */;
}
